{
  "originHash" : "d7ef139f147e1c978ea69b1b9bdae29b3e0175b4a2961f0fe1b221cdb422408b",
  "pins" : [
    {
      "identity" : "agentruntimekit",
      "kind" : "remoteSourceControl",
      "location" : "https://github.com/ajmcclary/AgentRuntimeKit.git",
      "state" : {
        "revision" : "09cdaf484aa2d03c86ef14ae0d4ae32e15c43a07",
        "version" : "0.1.0-beta.1"
      }
    },
    {
      "identity" : "codexruntimekit",
      "kind" : "remoteSourceControl",
      "location" : "https://github.com/ajmcclary/CodexRuntimeKit.git",
      "state" : {
        "revision" : "2ae23801574e0e623972a7b150067e2ad9452106",
        "version" : "0.1.0-beta.1"
      }
    },
    {
      "identity" : "processkit",
      "kind" : "remoteSourceControl",
      "location" : "https://github.com/ajmcclary/ProcessKit.git",
      "state" : {
        "revision" : "1e58a5aedda64625a183a2d1dff5c12dd4cc7176",
        "version" : "0.1.0-beta.4"
      }
    }
  ],
  "version" : 3
}
