{
  "originHash" : "7eb9e3fbab9e68c943b20ef3d2903c8bb4b59d9c0eb3914192946e96119cc853",
  "pins" : [
    {
      "identity" : "agentruntimekit",
      "kind" : "remoteSourceControl",
      "location" : "https://github.com/ajmcclary/AgentRuntimeKit.git",
      "state" : {
        "revision" : "5b671bb221de2d19cc4d3456cf3013568b2743ca",
        "version" : "0.1.0-beta.2"
      }
    },
    {
      "identity" : "codexruntimekit",
      "kind" : "remoteSourceControl",
      "location" : "https://github.com/ajmcclary/CodexRuntimeKit.git",
      "state" : {
        "revision" : "78e36bfb7bbfc2d305e59cbf91f3f5c0a14029b2",
        "version" : "0.1.0-beta.2"
      }
    },
    {
      "identity" : "processkit",
      "kind" : "remoteSourceControl",
      "location" : "https://github.com/ajmcclary/ProcessKit.git",
      "state" : {
        "revision" : "2accb5874c539b46be7bc72ddda24ce051c6aed9",
        "version" : "0.1.0-beta.5"
      }
    }
  ],
  "version" : 3
}
